
Microsoft Visual Studio Solution File, Format Version 12.00
# Visual Studio 15
VisualStudioVersion = 15.0.28307.329
MinimumVisualStudioVersion = 10.0.40219.1
Project("{FAE04EC0-301F-11D3-BF4B-00C04F79EFBC}") = "Sigma_LINQ", "Sigma_LINQ\Sigma_LINQ.csproj", "{47A14794-A731-4293-BEF3-4DC95E257CC3}"
EndProject
Global
	GlobalSection(SolutionConfigurationPlatforms) = preSolution
		Debug|Any CPU = Debug|Any CPU
		Release|Any CPU = Release|Any CPU
	EndGlobalSection
	GlobalSection(ProjectConfigurationPlatforms) = postSolution
		{47A14794-A731-4293-BEF3-4DC95E257CC3}.Debug|Any CPU.ActiveCfg = Debug|Any CPU
		{47A14794-A731-4293-BEF3-4DC95E257CC3}.Debug|Any CPU.Build.0 = Debug|Any CPU
		{47A14794-A731-4293-BEF3-4DC95E257CC3}.Release|Any CPU.ActiveCfg = Release|Any CPU
		{47A14794-A731-4293-BEF3-4DC95E257CC3}.Release|Any CPU.Build.0 = Release|Any CPU
	EndGlobalSection
	GlobalSection(SolutionProperties) = preSolution
		HideSolutionNode = FALSE
	EndGlobalSection
	GlobalSection(ExtensibilityGlobals) = postSolution
		SolutionGuid = {BFFA53B1-D731-4995-859C-8B5CDA94550A}
	EndGlobalSection
EndGlobal
